
Microsoft Visual Studio Solution File, Format Version 12.00
# Visual Studio Version 16
VisualStudioVersion = 16.0.31005.135
MinimumVisualStudioVersion = 10.0.40219.1
Project("{FAE04EC0-301F-11D3-BF4B-00C04F79EFBC}") = "ClassMetotDemo", "ClassMetotDemo\ClassMetotDemo.csproj", "{9B9FF244-5D64-4293-8241-D596A2F47790}"
EndProject
Global
	GlobalSection(SolutionConfigurationPlatforms) = preSolution
		Debug|Any CPU = Debug|Any CPU
		Release|Any CPU = Release|Any CPU
	EndGlobalSection
	GlobalSection(ProjectConfigurationPlatforms) = postSolution
		{9B9FF244-5D64-4293-8241-D596A2F47790}.Debug|Any CPU.ActiveCfg = Debug|Any CPU
		{9B9FF244-5D64-4293-8241-D596A2F47790}.Debug|Any CPU.Build.0 = Debug|Any CPU
		{9B9FF244-5D64-4293-8241-D596A2F47790}.Release|Any CPU.ActiveCfg = Release|Any CPU
		{9B9FF244-5D64-4293-8241-D596A2F47790}.Release|Any CPU.Build.0 = Release|Any CPU
	EndGlobalSection
	GlobalSection(SolutionProperties) = preSolution
		HideSolutionNode = FALSE
	EndGlobalSection
	GlobalSection(ExtensibilityGlobals) = postSolution
		SolutionGuid = {0F1096E7-5D67-44C6-861B-810F605D5A4F}
	EndGlobalSection
EndGlobal
